
Microsoft Visual Studio Solution File, Format Version 12.00
# Visual Studio Version 16
VisualStudioVersion = 16.0.29418.71
MinimumVisualStudioVersion = 10.0.40219.1
Project("{FAE04EC0-301F-11D3-BF4B-00C04F79EFBC}") = "GasolineraProject.Android", "GasolineraProject\GasolineraProject.Android\GasolineraProject.Android.csproj", "{A9448E07-3D4E-4DF2-912B-A6C490C89772}"
EndProject
Project("{FAE04EC0-301F-11D3-BF4B-00C04F79EFBC}") = "GasolineraProject.iOS", "GasolineraProject\GasolineraProject.iOS\GasolineraProject.iOS.csproj", "{E23CFFA9-E5BE-42D4-A7E3-EEEA628476BB}"
EndProject
Project("{FAE04EC0-301F-11D3-BF4B-00C04F79EFBC}") = "GasolineraProject", "GasolineraProject\GasolineraProject\GasolineraProject.csproj", "{CD8E8403-FE54-44F1-A099-C21BA847CC2D}"
EndProject
Global
	GlobalSection(SolutionConfigurationPlatforms) = preSolution
		Debug|Any CPU = Debug|Any CPU
		Debug|iPhone = Debug|iPhone
		Debug|iPhoneSimulator = Debug|iPhoneSimulator
		Release|Any CPU = Release|Any CPU
		Release|iPhone = Release|iPhone
		Release|iPhoneSimulator = Release|iPhoneSimulator
	EndGlobalSection
	GlobalSection(ProjectConfigurationPlatforms) = postSolution
		{A9448E07-3D4E-4DF2-912B-A6C490C89772}.Debug|Any CPU.ActiveCfg = Debug|Any CPU
		{A9448E07-3D4E-4DF2-912B-A6C490C89772}.Debug|Any CPU.Build.0 = Debug|Any CPU
		{A9448E07-3D4E-4DF2-912B-A6C490C89772}.Debug|Any CPU.Deploy.0 = Debug|Any CPU
		{A9448E07-3D4E-4DF2-912B-A6C490C89772}.Debug|iPhone.ActiveCfg = Debug|Any CPU
		{A9448E07-3D4E-4DF2-912B-A6C490C89772}.Debug|iPhone.Build.0 = Debug|Any CPU
		{A9448E07-3D4E-4DF2-912B-A6C490C89772}.Debug|iPhone.Deploy.0 = Debug|Any CPU
		{A9448E07-3D4E-4DF2-912B-A6C490C89772}.Debug|iPhoneSimulator.ActiveCfg = Debug|Any CPU
		{A9448E07-3D4E-4DF2-912B-A6C490C89772}.Debug|iPhoneSimulator.Build.0 = Debug|Any CPU
		{A9448E07-3D4E-4DF2-912B-A6C490C89772}.Debug|iPhoneSimulator.Deploy.0 = Debug|Any CPU
		{A9448E07-3D4E-4DF2-912B-A6C490C89772}.Release|Any CPU.ActiveCfg = Release|Any CPU
		{A9448E07-3D4E-4DF2-912B-A6C490C89772}.Release|Any CPU.Build.0 = Release|Any CPU
		{A9448E07-3D4E-4DF2-912B-A6C490C89772}.Release|Any CPU.Deploy.0 = Release|Any CPU
		{A9448E07-3D4E-4DF2-912B-A6C490C89772}.Release|iPhone.ActiveCfg = Release|Any CPU
		{A9448E07-3D4E-4DF2-912B-A6C490C89772}.Release|iPhone.Build.0 = Release|Any CPU
		{A9448E07-3D4E-4DF2-912B-A6C490C89772}.Release|iPhone.Deploy.0 = Release|Any CPU
		{A9448E07-3D4E-4DF2-912B-A6C490C89772}.Release|iPhoneSimulator.ActiveCfg = Release|Any CPU
		{A9448E07-3D4E-4DF2-912B-A6C490C89772}.Release|iPhoneSimulator.Build.0 = Release|Any CPU
		{A9448E07-3D4E-4DF2-912B-A6C490C89772}.Release|iPhoneSimulator.Deploy.0 = Release|Any CPU
		{E23CFFA9-E5BE-42D4-A7E3-EEEA628476BB}.Debug|Any CPU.ActiveCfg = Debug|iPhoneSimulator
		{E23CFFA9-E5BE-42D4-A7E3-EEEA628476BB}.Debug|Any CPU.Build.0 = Debug|iPhoneSimulator
		{E23CFFA9-E5BE-42D4-A7E3-EEEA628476BB}.Debug|Any CPU.Deploy.0 = Debug|iPhoneSimulator
		{E23CFFA9-E5BE-42D4-A7E3-EEEA628476BB}.Debug|iPhone.ActiveCfg = Debug|iPhone
		{E23CFFA9-E5BE-42D4-A7E3-EEEA628476BB}.Debug|iPhone.Build.0 = Debug|iPhone
		{E23CFFA9-E5BE-42D4-A7E3-EEEA628476BB}.Debug|iPhone.Deploy.0 = Debug|iPhone
		{E23CFFA9-E5BE-42D4-A7E3-EEEA628476BB}.Debug|iPhoneSimulator.ActiveCfg = Debug|iPhoneSimulator
		{E23CFFA9-E5BE-42D4-A7E3-EEEA628476BB}.Debug|iPhoneSimulator.Build.0 = Debug|iPhoneSimulator
		{E23CFFA9-E5BE-42D4-A7E3-EEEA628476BB}.Debug|iPhoneSimulator.Deploy.0 = Debug|iPhoneSimulator
		{E23CFFA9-E5BE-42D4-A7E3-EEEA628476BB}.Release|Any CPU.ActiveCfg = Release|iPhone
		{E23CFFA9-E5BE-42D4-A7E3-EEEA628476BB}.Release|Any CPU.Build.0 = Release|iPhone
		{E23CFFA9-E5BE-42D4-A7E3-EEEA628476BB}.Release|Any CPU.Deploy.0 = Release|iPhone
		{E23CFFA9-E5BE-42D4-A7E3-EEEA628476BB}.Release|iPhone.ActiveCfg = Release|iPhone
		{E23CFFA9-E5BE-42D4-A7E3-EEEA628476BB}.Release|iPhone.Build.0 = Release|iPhone
		{E23CFFA9-E5BE-42D4-A7E3-EEEA628476BB}.Release|iPhone.Deploy.0 = Release|iPhone
		{E23CFFA9-E5BE-42D4-A7E3-EEEA628476BB}.Release|iPhoneSimulator.ActiveCfg = Release|iPhoneSimulator
		{E23CFFA9-E5BE-42D4-A7E3-EEEA628476BB}.Release|iPhoneSimulator.Build.0 = Release|iPhoneSimulator
		{E23CFFA9-E5BE-42D4-A7E3-EEEA628476BB}.Release|iPhoneSimulator.Deploy.0 = Release|iPhoneSimulator
		{CD8E8403-FE54-44F1-A099-C21BA847CC2D}.Debug|Any CPU.ActiveCfg = Debug|Any CPU
		{CD8E8403-FE54-44F1-A099-C21BA847CC2D}.Debug|Any CPU.Build.0 = Debug|Any CPU
		{CD8E8403-FE54-44F1-A099-C21BA847CC2D}.Debug|Any CPU.Deploy.0 = Debug|Any CPU
		{CD8E8403-FE54-44F1-A099-C21BA847CC2D}.Debug|iPhone.ActiveCfg = Debug|Any CPU
		{CD8E8403-FE54-44F1-A099-C21BA847CC2D}.Debug|iPhone.Build.0 = Debug|Any CPU
		{CD8E8403-FE54-44F1-A099-C21BA847CC2D}.Debug|iPhone.Deploy.0 = Debug|Any CPU
		{CD8E8403-FE54-44F1-A099-C21BA847CC2D}.Debug|iPhoneSimulator.ActiveCfg = Debug|Any CPU
		{CD8E8403-FE54-44F1-A099-C21BA847CC2D}.Debug|iPhoneSimulator.Build.0 = Debug|Any CPU
		{CD8E8403-FE54-44F1-A099-C21BA847CC2D}.Debug|iPhoneSimulator.Deploy.0 = Debug|Any CPU
		{CD8E8403-FE54-44F1-A099-C21BA847CC2D}.Release|Any CPU.ActiveCfg = Release|Any CPU
		{CD8E8403-FE54-44F1-A099-C21BA847CC2D}.Release|Any CPU.Build.0 = Release|Any CPU
		{CD8E8403-FE54-44F1-A099-C21BA847CC2D}.Release|Any CPU.Deploy.0 = Release|Any CPU
		{CD8E8403-FE54-44F1-A099-C21BA847CC2D}.Release|iPhone.ActiveCfg = Release|Any CPU
		{CD8E8403-FE54-44F1-A099-C21BA847CC2D}.Release|iPhone.Build.0 = Release|Any CPU
		{CD8E8403-FE54-44F1-A099-C21BA847CC2D}.Release|iPhone.Deploy.0 = Release|Any CPU
		{CD8E8403-FE54-44F1-A099-C21BA847CC2D}.Release|iPhoneSimulator.ActiveCfg = Release|Any CPU
		{CD8E8403-FE54-44F1-A099-C21BA847CC2D}.Release|iPhoneSimulator.Build.0 = Release|Any CPU
		{CD8E8403-FE54-44F1-A099-C21BA847CC2D}.Release|iPhoneSimulator.Deploy.0 = Release|Any CPU
	EndGlobalSection
	GlobalSection(SolutionProperties) = preSolution
		HideSolutionNode = FALSE
	EndGlobalSection
	GlobalSection(ExtensibilityGlobals) = postSolution
		SolutionGuid = {1F8C04C5-EA76-4328-AE2C-9778CC7561E7}
	EndGlobalSection
EndGlobal
